
Microsoft Visual Studio Solution File, Format Version 12.00
# Visual Studio 15
VisualStudioVersion = 15.0.28307.1321
MinimumVisualStudioVersion = 10.0.40219.1
Project("{FAE04EC0-301F-11D3-BF4B-00C04F79EFBC}") = "sccsVD4VE_LightNWithoutVr", "sccsVD4VE_LightNWithoutVr\sccsVD4VE_LightNWithoutVr.csproj", "{DE879FEE-E9CB-4ABA-B72B-9A04EA86C4B1}"
EndProject
Project("{FAE04EC0-301F-11D3-BF4B-00C04F79EFBC}") = "WindowsInput", "inputsimulator\WindowsInput\WindowsInput.csproj", "{3549CD6F-80F8-450F-B99E-CF0A736B1F2A}"
EndProject
Project("{9A19103F-16F7-4668-BE54-9A1E7A4F7556}") = "sc_message_object", "sc_message_object\sc_message_object.csproj", "{448A1860-FA3E-4AE0-9B37-413AE44C0460}"
EndProject
Global
	GlobalSection(SolutionConfigurationPlatforms) = preSolution
		Debug|Any CPU = Debug|Any CPU
		Release|Any CPU = Release|Any CPU
	EndGlobalSection
	GlobalSection(ProjectConfigurationPlatforms) = postSolution
		{DE879FEE-E9CB-4ABA-B72B-9A04EA86C4B1}.Debug|Any CPU.ActiveCfg = Debug|Any CPU
		{DE879FEE-E9CB-4ABA-B72B-9A04EA86C4B1}.Debug|Any CPU.Build.0 = Debug|Any CPU
		{DE879FEE-E9CB-4ABA-B72B-9A04EA86C4B1}.Release|Any CPU.ActiveCfg = Release|Any CPU
		{DE879FEE-E9CB-4ABA-B72B-9A04EA86C4B1}.Release|Any CPU.Build.0 = Release|Any CPU
		{3549CD6F-80F8-450F-B99E-CF0A736B1F2A}.Debug|Any CPU.ActiveCfg = Debug|Any CPU
		{3549CD6F-80F8-450F-B99E-CF0A736B1F2A}.Debug|Any CPU.Build.0 = Debug|Any CPU
		{3549CD6F-80F8-450F-B99E-CF0A736B1F2A}.Release|Any CPU.ActiveCfg = Release|Any CPU
		{3549CD6F-80F8-450F-B99E-CF0A736B1F2A}.Release|Any CPU.Build.0 = Release|Any CPU
		{448A1860-FA3E-4AE0-9B37-413AE44C0460}.Debug|Any CPU.ActiveCfg = Debug|Any CPU
		{448A1860-FA3E-4AE0-9B37-413AE44C0460}.Debug|Any CPU.Build.0 = Debug|Any CPU
		{448A1860-FA3E-4AE0-9B37-413AE44C0460}.Release|Any CPU.ActiveCfg = Release|Any CPU
		{448A1860-FA3E-4AE0-9B37-413AE44C0460}.Release|Any CPU.Build.0 = Release|Any CPU
	EndGlobalSection
	GlobalSection(SolutionProperties) = preSolution
		HideSolutionNode = FALSE
	EndGlobalSection
	GlobalSection(ExtensibilityGlobals) = postSolution
		SolutionGuid = {4ED014B6-19D3-4BD3-82E2-C65F01D23FB9}
	EndGlobalSection
EndGlobal
